
Microsoft Visual Studio Solution File, Format Version 12.00
# Visual Studio Version 17
VisualStudioVersion = 17.11.35208.52
MinimumVisualStudioVersion = 10.0.40219.1
Project("{FAE04EC0-301F-11D3-BF4B-00C04F79EFBC}") = "Bookstoremanager2024", "Bookstoremanager2024\Bookstoremanager2024.csproj", "{767A323E-A0C6-41E9-9552-72B514B45464}"
EndProject
Global
	GlobalSection(SolutionConfigurationPlatforms) = preSolution
		Debug|Any CPU = Debug|Any CPU
		Release|Any CPU = Release|Any CPU
	EndGlobalSection
	GlobalSection(ProjectConfigurationPlatforms) = postSolution
		{767A323E-A0C6-41E9-9552-72B514B45464}.Debug|Any CPU.ActiveCfg = Debug|Any CPU
		{767A323E-A0C6-41E9-9552-72B514B45464}.Debug|Any CPU.Build.0 = Debug|Any CPU
		{767A323E-A0C6-41E9-9552-72B514B45464}.Release|Any CPU.ActiveCfg = Release|Any CPU
		{767A323E-A0C6-41E9-9552-72B514B45464}.Release|Any CPU.Build.0 = Release|Any CPU
	EndGlobalSection
	GlobalSection(SolutionProperties) = preSolution
		HideSolutionNode = FALSE
	EndGlobalSection
	GlobalSection(ExtensibilityGlobals) = postSolution
		SolutionGuid = {AAA3010B-B5E0-41F6-865E-3CEDC9BC6024}
	EndGlobalSection
EndGlobal
